
Microsoft Visual Studio Solution File, Format Version 12.00
# Visual Studio Version 18
VisualStudioVersion = 18.4.11612.150
MinimumVisualStudioVersion = 10.0.40219.1
Project("{FAE04EC0-301F-11D3-BF4B-00C04F79EFBC}") = "PoC01.Impl01.Ingestion01", "ConsoleApp1\PoC01.Impl01.Ingestion01.csproj", "{02F919D9-7789-48D4-8836-CD967281949A}"
EndProject
Project("{FAE04EC0-301F-11D3-BF4B-00C04F79EFBC}") = "PoC01.Lib", "PoC01.Lib\PoC01.Lib.csproj", "{C2A9644E-746D-462B-89E5-A9CC193E86C5}"
EndProject
Project("{2150E333-8FDC-42A3-9474-1A3956D46DE8}") = "PoC01", "PoC01", "{4612C6EF-9B1C-4911-A541-0E1A8AC52351}"
EndProject
Project("{FAE04EC0-301F-11D3-BF4B-00C04F79EFBC}") = "PoC01.Impl01", "PoC01.Impl01\PoC01.Impl01.csproj", "{094C07B9-D144-4A66-B3B0-CD5EC2106F0A}"
EndProject
Project("{FAE04EC0-301F-11D3-BF4B-00C04F79EFBC}") = "PoC01.Impl01.Query01", "PoC01.Impl01.Query01\PoC01.Impl01.Query01.csproj", "{8681047A-296B-412B-8462-112FD554164A}"
EndProject
Project("{FAE04EC0-301F-11D3-BF4B-00C04F79EFBC}") = "PoC01.Impl01.Ingestion02", "PoC01.Impl01.Ingestion02\PoC01.Impl01.Ingestion02.csproj", "{910090EC-CD0D-4100-92FD-DFF10E44B9BA}"
EndProject
Project("{FAE04EC0-301F-11D3-BF4B-00C04F79EFBC}") = "PoC01.Impl01.Query02", "PoC01.Impl01.Query02\PoC01.Impl01.Query02.csproj", "{85A3A312-58DB-4EC1-BE47-35E844C9EFCB}"
EndProject
Project("{FAE04EC0-301F-11D3-BF4B-00C04F79EFBC}") = "PoC01.Impl01.Ingestion03", "PoC01.Impl01.Ingestion03\PoC01.Impl01.Ingestion03.csproj", "{6B0EB338-14F5-4037-8279-5C3D7EED39F6}"
EndProject
Global
	GlobalSection(SolutionConfigurationPlatforms) = preSolution
		Debug|Any CPU = Debug|Any CPU
		Release|Any CPU = Release|Any CPU
	EndGlobalSection
	GlobalSection(ProjectConfigurationPlatforms) = postSolution
		{02F919D9-7789-48D4-8836-CD967281949A}.Debug|Any CPU.ActiveCfg = Debug|Any CPU
		{02F919D9-7789-48D4-8836-CD967281949A}.Debug|Any CPU.Build.0 = Debug|Any CPU
		{02F919D9-7789-48D4-8836-CD967281949A}.Release|Any CPU.ActiveCfg = Release|Any CPU
		{02F919D9-7789-48D4-8836-CD967281949A}.Release|Any CPU.Build.0 = Release|Any CPU
		{C2A9644E-746D-462B-89E5-A9CC193E86C5}.Debug|Any CPU.ActiveCfg = Debug|Any CPU
		{C2A9644E-746D-462B-89E5-A9CC193E86C5}.Debug|Any CPU.Build.0 = Debug|Any CPU
		{C2A9644E-746D-462B-89E5-A9CC193E86C5}.Release|Any CPU.ActiveCfg = Release|Any CPU
		{C2A9644E-746D-462B-89E5-A9CC193E86C5}.Release|Any CPU.Build.0 = Release|Any CPU
		{094C07B9-D144-4A66-B3B0-CD5EC2106F0A}.Debug|Any CPU.ActiveCfg = Debug|Any CPU
		{094C07B9-D144-4A66-B3B0-CD5EC2106F0A}.Debug|Any CPU.Build.0 = Debug|Any CPU
		{094C07B9-D144-4A66-B3B0-CD5EC2106F0A}.Release|Any CPU.ActiveCfg = Release|Any CPU
		{094C07B9-D144-4A66-B3B0-CD5EC2106F0A}.Release|Any CPU.Build.0 = Release|Any CPU
		{8681047A-296B-412B-8462-112FD554164A}.Debug|Any CPU.ActiveCfg = Debug|Any CPU
		{8681047A-296B-412B-8462-112FD554164A}.Debug|Any CPU.Build.0 = Debug|Any CPU
		{8681047A-296B-412B-8462-112FD554164A}.Release|Any CPU.ActiveCfg = Release|Any CPU
		{8681047A-296B-412B-8462-112FD554164A}.Release|Any CPU.Build.0 = Release|Any CPU
		{910090EC-CD0D-4100-92FD-DFF10E44B9BA}.Debug|Any CPU.ActiveCfg = Debug|Any CPU
		{910090EC-CD0D-4100-92FD-DFF10E44B9BA}.Debug|Any CPU.Build.0 = Debug|Any CPU
		{910090EC-CD0D-4100-92FD-DFF10E44B9BA}.Release|Any CPU.ActiveCfg = Release|Any CPU
		{910090EC-CD0D-4100-92FD-DFF10E44B9BA}.Release|Any CPU.Build.0 = Release|Any CPU
		{85A3A312-58DB-4EC1-BE47-35E844C9EFCB}.Debug|Any CPU.ActiveCfg = Debug|Any CPU
		{85A3A312-58DB-4EC1-BE47-35E844C9EFCB}.Debug|Any CPU.Build.0 = Debug|Any CPU
		{85A3A312-58DB-4EC1-BE47-35E844C9EFCB}.Release|Any CPU.ActiveCfg = Release|Any CPU
		{85A3A312-58DB-4EC1-BE47-35E844C9EFCB}.Release|Any CPU.Build.0 = Release|Any CPU
		{6B0EB338-14F5-4037-8279-5C3D7EED39F6}.Debug|Any CPU.ActiveCfg = Debug|Any CPU
		{6B0EB338-14F5-4037-8279-5C3D7EED39F6}.Debug|Any CPU.Build.0 = Debug|Any CPU
		{6B0EB338-14F5-4037-8279-5C3D7EED39F6}.Release|Any CPU.ActiveCfg = Release|Any CPU
		{6B0EB338-14F5-4037-8279-5C3D7EED39F6}.Release|Any CPU.Build.0 = Release|Any CPU
	EndGlobalSection
	GlobalSection(SolutionProperties) = preSolution
		HideSolutionNode = FALSE
	EndGlobalSection
	GlobalSection(NestedProjects) = preSolution
		{02F919D9-7789-48D4-8836-CD967281949A} = {4612C6EF-9B1C-4911-A541-0E1A8AC52351}
		{C2A9644E-746D-462B-89E5-A9CC193E86C5} = {4612C6EF-9B1C-4911-A541-0E1A8AC52351}
		{094C07B9-D144-4A66-B3B0-CD5EC2106F0A} = {4612C6EF-9B1C-4911-A541-0E1A8AC52351}
		{8681047A-296B-412B-8462-112FD554164A} = {4612C6EF-9B1C-4911-A541-0E1A8AC52351}
		{910090EC-CD0D-4100-92FD-DFF10E44B9BA} = {4612C6EF-9B1C-4911-A541-0E1A8AC52351}
		{85A3A312-58DB-4EC1-BE47-35E844C9EFCB} = {4612C6EF-9B1C-4911-A541-0E1A8AC52351}
		{6B0EB338-14F5-4037-8279-5C3D7EED39F6} = {4612C6EF-9B1C-4911-A541-0E1A8AC52351}
	EndGlobalSection
	GlobalSection(ExtensibilityGlobals) = postSolution
		SolutionGuid = {96C705DD-9F15-4358-8DB1-FA5FA8B6091D}
	EndGlobalSection
EndGlobal
